
Microsoft Visual Studio Solution File, Format Version 12.00
# Visual Studio Version 16
VisualStudioVersion = 16.0.29924.181
MinimumVisualStudioVersion = 10.0.40219.1
Project("{9A19103F-16F7-4668-BE54-9A1E7A4F7556}") = "Currency", "currencyConsoleApplication\Currency.csproj", "{FA17DAA5-0551-4315-AB64-FF67857486BC}"
	ProjectSection(ProjectDependencies) = postProject
		{81999480-CD85-44A3-BF97-48E0EA8C05E2} = {81999480-CD85-44A3-BF97-48E0EA8C05E2}
		{56DF6CE7-3022-4A72-9768-AF552EBB8235} = {56DF6CE7-3022-4A72-9768-AF552EBB8235}
	EndProjectSection
EndProject
Project("{9A19103F-16F7-4668-BE54-9A1E7A4F7556}") = "CurrencyTests", "CurrencyTests\CurrencyTests.csproj", "{9022428C-76C8-4A89-AF6B-28435C3931D2}"
	ProjectSection(ProjectDependencies) = postProject
		{56DF6CE7-3022-4A72-9768-AF552EBB8235} = {56DF6CE7-3022-4A72-9768-AF552EBB8235}
	EndProjectSection
EndProject
Project("{9A19103F-16F7-4668-BE54-9A1E7A4F7556}") = "DAL", "DAL\DAL.csproj", "{2B5612F5-481F-44E8-9637-3C96FDB48F8A}"
EndProject
Project("{9A19103F-16F7-4668-BE54-9A1E7A4F7556}") = "BLL", "BLL\BLL.csproj", "{56DF6CE7-3022-4A72-9768-AF552EBB8235}"
	ProjectSection(ProjectDependencies) = postProject
		{81999480-CD85-44A3-BF97-48E0EA8C05E2} = {81999480-CD85-44A3-BF97-48E0EA8C05E2}
		{2B5612F5-481F-44E8-9637-3C96FDB48F8A} = {2B5612F5-481F-44E8-9637-3C96FDB48F8A}
	EndProjectSection
EndProject
Project("{9A19103F-16F7-4668-BE54-9A1E7A4F7556}") = "Model", "Model\Model.csproj", "{81999480-CD85-44A3-BF97-48E0EA8C05E2}"
EndProject
Project("{9A19103F-16F7-4668-BE54-9A1E7A4F7556}") = "FunctionFetch", "FunctionFetch\FunctionFetch.csproj", "{CB445F44-AC39-4D2F-8721-6D284C731255}"
EndProject
Project("{FAE04EC0-301F-11D3-BF4B-00C04F79EFBC}") = "API", "API\API.csproj", "{9B189811-75C4-4F93-B4F4-1DA76DC6148A}"
	ProjectSection(ProjectDependencies) = postProject
		{81999480-CD85-44A3-BF97-48E0EA8C05E2} = {81999480-CD85-44A3-BF97-48E0EA8C05E2}
		{56DF6CE7-3022-4A72-9768-AF552EBB8235} = {56DF6CE7-3022-4A72-9768-AF552EBB8235}
	EndProjectSection
EndProject
Global
	GlobalSection(SolutionConfigurationPlatforms) = preSolution
		Debug|Any CPU = Debug|Any CPU
		Release|Any CPU = Release|Any CPU
	EndGlobalSection
	GlobalSection(ProjectConfigurationPlatforms) = postSolution
		{FA17DAA5-0551-4315-AB64-FF67857486BC}.Debug|Any CPU.ActiveCfg = Debug|Any CPU
		{FA17DAA5-0551-4315-AB64-FF67857486BC}.Debug|Any CPU.Build.0 = Debug|Any CPU
		{FA17DAA5-0551-4315-AB64-FF67857486BC}.Release|Any CPU.ActiveCfg = Release|Any CPU
		{FA17DAA5-0551-4315-AB64-FF67857486BC}.Release|Any CPU.Build.0 = Release|Any CPU
		{9022428C-76C8-4A89-AF6B-28435C3931D2}.Debug|Any CPU.ActiveCfg = Debug|Any CPU
		{9022428C-76C8-4A89-AF6B-28435C3931D2}.Debug|Any CPU.Build.0 = Debug|Any CPU
		{9022428C-76C8-4A89-AF6B-28435C3931D2}.Release|Any CPU.ActiveCfg = Release|Any CPU
		{9022428C-76C8-4A89-AF6B-28435C3931D2}.Release|Any CPU.Build.0 = Release|Any CPU
		{2B5612F5-481F-44E8-9637-3C96FDB48F8A}.Debug|Any CPU.ActiveCfg = Debug|Any CPU
		{2B5612F5-481F-44E8-9637-3C96FDB48F8A}.Debug|Any CPU.Build.0 = Debug|Any CPU
		{2B5612F5-481F-44E8-9637-3C96FDB48F8A}.Release|Any CPU.ActiveCfg = Release|Any CPU
		{2B5612F5-481F-44E8-9637-3C96FDB48F8A}.Release|Any CPU.Build.0 = Release|Any CPU
		{56DF6CE7-3022-4A72-9768-AF552EBB8235}.Debug|Any CPU.ActiveCfg = Debug|Any CPU
		{56DF6CE7-3022-4A72-9768-AF552EBB8235}.Debug|Any CPU.Build.0 = Debug|Any CPU
		{56DF6CE7-3022-4A72-9768-AF552EBB8235}.Release|Any CPU.ActiveCfg = Release|Any CPU
		{56DF6CE7-3022-4A72-9768-AF552EBB8235}.Release|Any CPU.Build.0 = Release|Any CPU
		{81999480-CD85-44A3-BF97-48E0EA8C05E2}.Debug|Any CPU.ActiveCfg = Debug|Any CPU
		{81999480-CD85-44A3-BF97-48E0EA8C05E2}.Debug|Any CPU.Build.0 = Debug|Any CPU
		{81999480-CD85-44A3-BF97-48E0EA8C05E2}.Release|Any CPU.ActiveCfg = Release|Any CPU
		{81999480-CD85-44A3-BF97-48E0EA8C05E2}.Release|Any CPU.Build.0 = Release|Any CPU
		{CB445F44-AC39-4D2F-8721-6D284C731255}.Debug|Any CPU.ActiveCfg = Debug|Any CPU
		{CB445F44-AC39-4D2F-8721-6D284C731255}.Debug|Any CPU.Build.0 = Debug|Any CPU
		{CB445F44-AC39-4D2F-8721-6D284C731255}.Release|Any CPU.ActiveCfg = Release|Any CPU
		{CB445F44-AC39-4D2F-8721-6D284C731255}.Release|Any CPU.Build.0 = Release|Any CPU
		{9B189811-75C4-4F93-B4F4-1DA76DC6148A}.Debug|Any CPU.ActiveCfg = Debug|Any CPU
		{9B189811-75C4-4F93-B4F4-1DA76DC6148A}.Debug|Any CPU.Build.0 = Debug|Any CPU
		{9B189811-75C4-4F93-B4F4-1DA76DC6148A}.Release|Any CPU.ActiveCfg = Release|Any CPU
		{9B189811-75C4-4F93-B4F4-1DA76DC6148A}.Release|Any CPU.Build.0 = Release|Any CPU
	EndGlobalSection
	GlobalSection(SolutionProperties) = preSolution
		HideSolutionNode = FALSE
	EndGlobalSection
	GlobalSection(ExtensibilityGlobals) = postSolution
		SolutionGuid = {B37DEE02-3A3A-47D7-9CFB-8D54DF086F58}
	EndGlobalSection
EndGlobal
